
Microsoft Visual Studio Solution File, Format Version 12.00
# Visual Studio Version 17
VisualStudioVersion = 17.5.2.0
MinimumVisualStudioVersion = 10.0.40219.1
Project("{FAE04EC0-301F-11D3-BF4B-00C04F79EFBC}") = "HomeFinderAPI", "HomeFinder.API\HomeFinderAPI.csproj", "{938C3209-6CBA-4179-B081-8815249BB195}"
EndProject
Project("{FAE04EC0-301F-11D3-BF4B-00C04F79EFBC}") = "HomeFinder.Entity", "HomeFinder.Entity\HomeFinder.Entity.csproj", "{78730629-8D0E-405D-9CEA-28732EC9A412}"
EndProject
Global
	GlobalSection(SolutionConfigurationPlatforms) = preSolution
		Debug|Any CPU = Debug|Any CPU
		Debug|x64 = Debug|x64
		Debug|x86 = Debug|x86
		Release|Any CPU = Release|Any CPU
		Release|x64 = Release|x64
		Release|x86 = Release|x86
	EndGlobalSection
	GlobalSection(ProjectConfigurationPlatforms) = postSolution
		{938C3209-6CBA-4179-B081-8815249BB195}.Debug|Any CPU.ActiveCfg = Debug|Any CPU
		{938C3209-6CBA-4179-B081-8815249BB195}.Debug|Any CPU.Build.0 = Debug|Any CPU
		{938C3209-6CBA-4179-B081-8815249BB195}.Debug|x64.ActiveCfg = Debug|Any CPU
		{938C3209-6CBA-4179-B081-8815249BB195}.Debug|x64.Build.0 = Debug|Any CPU
		{938C3209-6CBA-4179-B081-8815249BB195}.Debug|x86.ActiveCfg = Debug|Any CPU
		{938C3209-6CBA-4179-B081-8815249BB195}.Debug|x86.Build.0 = Debug|Any CPU
		{938C3209-6CBA-4179-B081-8815249BB195}.Release|Any CPU.ActiveCfg = Release|Any CPU
		{938C3209-6CBA-4179-B081-8815249BB195}.Release|Any CPU.Build.0 = Release|Any CPU
		{938C3209-6CBA-4179-B081-8815249BB195}.Release|x64.ActiveCfg = Release|Any CPU
		{938C3209-6CBA-4179-B081-8815249BB195}.Release|x64.Build.0 = Release|Any CPU
		{938C3209-6CBA-4179-B081-8815249BB195}.Release|x86.ActiveCfg = Release|Any CPU
		{938C3209-6CBA-4179-B081-8815249BB195}.Release|x86.Build.0 = Release|Any CPU
		{78730629-8D0E-405D-9CEA-28732EC9A412}.Debug|Any CPU.ActiveCfg = Debug|Any CPU
		{78730629-8D0E-405D-9CEA-28732EC9A412}.Debug|Any CPU.Build.0 = Debug|Any CPU
		{78730629-8D0E-405D-9CEA-28732EC9A412}.Debug|x64.ActiveCfg = Debug|Any CPU
		{78730629-8D0E-405D-9CEA-28732EC9A412}.Debug|x64.Build.0 = Debug|Any CPU
		{78730629-8D0E-405D-9CEA-28732EC9A412}.Debug|x86.ActiveCfg = Debug|Any CPU
		{78730629-8D0E-405D-9CEA-28732EC9A412}.Debug|x86.Build.0 = Debug|Any CPU
		{78730629-8D0E-405D-9CEA-28732EC9A412}.Release|Any CPU.ActiveCfg = Release|Any CPU
		{78730629-8D0E-405D-9CEA-28732EC9A412}.Release|Any CPU.Build.0 = Release|Any CPU
		{78730629-8D0E-405D-9CEA-28732EC9A412}.Release|x64.ActiveCfg = Release|Any CPU
		{78730629-8D0E-405D-9CEA-28732EC9A412}.Release|x64.Build.0 = Release|Any CPU
		{78730629-8D0E-405D-9CEA-28732EC9A412}.Release|x86.ActiveCfg = Release|Any CPU
		{78730629-8D0E-405D-9CEA-28732EC9A412}.Release|x86.Build.0 = Release|Any CPU
	EndGlobalSection
	GlobalSection(SolutionProperties) = preSolution
		HideSolutionNode = FALSE
	EndGlobalSection
	GlobalSection(ExtensibilityGlobals) = postSolution
		SolutionGuid = {EF36ED6B-29F5-4E4C-8D17-D6552116CCC4}
	EndGlobalSection
EndGlobal
