Microsoft Visual Studio Solution File, Format Version 12.00
# Visual Studio Version 18
VisualStudioVersion = 18.5.11716.220 stable
MinimumVisualStudioVersion = 10.0.40219.1
Project("{FAE04EC0-301F-11D3-BF4B-00C04F79EFBC}") = "HomeFinder.Api", "backend\HomeFinder.Api.csproj", "{3ECEED12-D1C6-F59C-3E48-2366D6C258D8}"
EndProject
Project("{2150E333-8FDC-42A3-9474-1A3956D46DE8}") = "tests", "tests", "{21B492A6-2B6E-F631-9A2D-FB5DBF2E7C86}"
EndProject
Project("{FAE04EC0-301F-11D3-BF4B-00C04F79EFBC}") = "contract", "tests\contract\contract.csproj", "{8FB414B7-8D36-16C3-3556-AECC4A39F3A2}"
EndProject
Project("{FAE04EC0-301F-11D3-BF4B-00C04F79EFBC}") = "integration", "tests\integration\integration.csproj", "{2A8B09F0-DFC4-1491-1A52-32DB029C0446}"
EndProject
Global
	GlobalSection(SolutionConfigurationPlatforms) = preSolution
		Debug|Any CPU = Debug|Any CPU
		Release|Any CPU = Release|Any CPU
	EndGlobalSection
	GlobalSection(ProjectConfigurationPlatforms) = postSolution
		{3ECEED12-D1C6-F59C-3E48-2366D6C258D8}.Debug|Any CPU.ActiveCfg = Debug|Any CPU
		{3ECEED12-D1C6-F59C-3E48-2366D6C258D8}.Debug|Any CPU.Build.0 = Debug|Any CPU
		{3ECEED12-D1C6-F59C-3E48-2366D6C258D8}.Release|Any CPU.ActiveCfg = Release|Any CPU
		{3ECEED12-D1C6-F59C-3E48-2366D6C258D8}.Release|Any CPU.Build.0 = Release|Any CPU
		{8FB414B7-8D36-16C3-3556-AECC4A39F3A2}.Debug|Any CPU.ActiveCfg = Debug|Any CPU
		{8FB414B7-8D36-16C3-3556-AECC4A39F3A2}.Debug|Any CPU.Build.0 = Debug|Any CPU
		{8FB414B7-8D36-16C3-3556-AECC4A39F3A2}.Release|Any CPU.ActiveCfg = Release|Any CPU
		{8FB414B7-8D36-16C3-3556-AECC4A39F3A2}.Release|Any CPU.Build.0 = Release|Any CPU
		{2A8B09F0-DFC4-1491-1A52-32DB029C0446}.Debug|Any CPU.ActiveCfg = Debug|Any CPU
		{2A8B09F0-DFC4-1491-1A52-32DB029C0446}.Debug|Any CPU.Build.0 = Debug|Any CPU
		{2A8B09F0-DFC4-1491-1A52-32DB029C0446}.Release|Any CPU.ActiveCfg = Release|Any CPU
		{2A8B09F0-DFC4-1491-1A52-32DB029C0446}.Release|Any CPU.Build.0 = Release|Any CPU
	EndGlobalSection
	GlobalSection(SolutionProperties) = preSolution
		HideSolutionNode = FALSE
	EndGlobalSection
	GlobalSection(NestedProjects) = preSolution
		{8FB414B7-8D36-16C3-3556-AECC4A39F3A2} = {21B492A6-2B6E-F631-9A2D-FB5DBF2E7C86}
		{2A8B09F0-DFC4-1491-1A52-32DB029C0446} = {21B492A6-2B6E-F631-9A2D-FB5DBF2E7C86}
	EndGlobalSection
	GlobalSection(ExtensibilityGlobals) = postSolution
		SolutionGuid = {D4656BC8-C047-4498-A9FC-F22303FD214A}
	EndGlobalSection
EndGlobal
